
Microsoft Visual Studio Solution File, Format Version 12.00
# Visual Studio Version 16
VisualStudioVersion = 16.0.31702.278
MinimumVisualStudioVersion = 10.0.40219.1
Project("{9A19103F-16F7-4668-BE54-9A1E7A4F7556}") = "UC1EmployeePayrollSystem", "UC1EmployeePayrollSystem\UC1EmployeePayrollSystem.csproj", "{6BBA96DE-B7C4-459E-94B9-41279FAF1E6A}"
EndProject
Project("{FAE04EC0-301F-11D3-BF4B-00C04F79EFBC}") = "TestProject1", "TestProject1\TestProject1.csproj", "{9174F686-726E-4154-B6DC-485C74A28A60}"
EndProject
Global
	GlobalSection(SolutionConfigurationPlatforms) = preSolution
		Debug|Any CPU = Debug|Any CPU
		Release|Any CPU = Release|Any CPU
	EndGlobalSection
	GlobalSection(ProjectConfigurationPlatforms) = postSolution
		{6BBA96DE-B7C4-459E-94B9-41279FAF1E6A}.Debug|Any CPU.ActiveCfg = Debug|Any CPU
		{6BBA96DE-B7C4-459E-94B9-41279FAF1E6A}.Debug|Any CPU.Build.0 = Debug|Any CPU
		{6BBA96DE-B7C4-459E-94B9-41279FAF1E6A}.Release|Any CPU.ActiveCfg = Release|Any CPU
		{6BBA96DE-B7C4-459E-94B9-41279FAF1E6A}.Release|Any CPU.Build.0 = Release|Any CPU
		{9174F686-726E-4154-B6DC-485C74A28A60}.Debug|Any CPU.ActiveCfg = Debug|Any CPU
		{9174F686-726E-4154-B6DC-485C74A28A60}.Debug|Any CPU.Build.0 = Debug|Any CPU
		{9174F686-726E-4154-B6DC-485C74A28A60}.Release|Any CPU.ActiveCfg = Release|Any CPU
		{9174F686-726E-4154-B6DC-485C74A28A60}.Release|Any CPU.Build.0 = Release|Any CPU
	EndGlobalSection
	GlobalSection(SolutionProperties) = preSolution
		HideSolutionNode = FALSE
	EndGlobalSection
	GlobalSection(ExtensibilityGlobals) = postSolution
		SolutionGuid = {88E33B33-DEC3-4CC3-B8BC-B3CF76B1186A}
	EndGlobalSection
EndGlobal
